
Microsoft Visual Studio Solution File, Format Version 12.00
# Visual Studio Version 17
VisualStudioVersion = 17.14.36310.24 d17.14
MinimumVisualStudioVersion = 10.0.40219.1
Project("{FAE04EC0-301F-11D3-BF4B-00C04F79EFBC}") = "TomAuthApi", "TomAuthApi.csproj", "{9082819C-CBB1-4917-B6C4-7E79016774F4}"
EndProject
Global
	GlobalSection(SolutionConfigurationPlatforms) = preSolution
		Debug|Any CPU = Debug|Any CPU
		Release|Any CPU = Release|Any CPU
	EndGlobalSection
	GlobalSection(ProjectConfigurationPlatforms) = postSolution
		{9082819C-CBB1-4917-B6C4-7E79016774F4}.Debug|Any CPU.ActiveCfg = Debug|Any CPU
		{9082819C-CBB1-4917-B6C4-7E79016774F4}.Debug|Any CPU.Build.0 = Debug|Any CPU
		{9082819C-CBB1-4917-B6C4-7E79016774F4}.Release|Any CPU.ActiveCfg = Release|Any CPU
		{9082819C-CBB1-4917-B6C4-7E79016774F4}.Release|Any CPU.Build.0 = Release|Any CPU
	EndGlobalSection
	GlobalSection(SolutionProperties) = preSolution
		HideSolutionNode = FALSE
	EndGlobalSection
	GlobalSection(ExtensibilityGlobals) = postSolution
		SolutionGuid = {B830B827-1679-4043-810D-2D71B28C0875}
	EndGlobalSection
EndGlobal
